<Solution>
  <Project Path="Assembly-CSharp.csproj" />
  <Project Path="Unity.Timeline.csproj" />
  <Project Path="Unity.VisualEffectGraph.Editor.csproj" />
  <Project Path="Unity.Timeline.Editor.csproj" />
  <Project Path="Unity.ShaderGraph.Editor.csproj" />
  <Project Path="Unity.RenderPipelines.Universal.Editor.csproj" />
  <Project Path="Unity.TextMeshPro.Editor.csproj" />
  <Project Path="Unity.PlasticSCM.Editor.csproj" />
  <Project Path="Unity.2D.Tilemap.Editor.csproj" />
  <Project Path="MCPForUnity.Runtime.csproj" />
  <Project Path="MCPForUnity.Editor.csproj" />
  <Project Path="Unity.RenderPipelines.Universal.Runtime.csproj" />
  <Project Path="UnityEditor.UI.csproj" />
  <Project Path="Unity.RenderPipelines.Core.Runtime.csproj" />
  <Project Path="Unity.ScriptableBuildPipeline.Editor.csproj" />
  <Project Path="Unity.RenderPipelines.Core.Editor.csproj" />
  <Project Path="Unity.Mathematics.csproj" />
  <Project Path="Unity.ML-Agents.csproj" />
  <Project Path="UnityEditor.TestRunner.csproj" />
  <Project Path="Unity.Barracuda.csproj" />
  <Project Path="UnityEngine.TestRunner.csproj" />
  <Project Path="Unity.Searcher.Editor.csproj" />
  <Project Path="Unity.Burst.csproj" />
  <Project Path="UnityEngine.UI.csproj" />
  <Project Path="Unity.AI.Navigation.Editor.csproj" />
  <Project Path="Unity.VisualStudio.Editor.csproj" />
  <Project Path="PPv2URPConverters.csproj" />
  <Project Path="Unity.Postprocessing.Runtime.csproj" />
  <Project Path="Unity.ML-Agents.CommunicatorObjects.csproj" />
  <Project Path="NavMeshComponentsExamples.csproj" />
  <Project Path="Unity.AI.Navigation.csproj" />
  <Project Path="Unity.CollabProxy.Editor.csproj" />
  <Project Path="Unity.VisualEffectGraph.Runtime.csproj" />
  <Project Path="Unity.AI.Navigation.Editor.ConversionSystem.csproj" />
  <Project Path="Assembly-CSharp-Editor.csproj" />
  <Project Path="Unity.Burst.CodeGen.csproj" />
  <Project Path="Unity.RenderPipeline.Universal.ShaderLibrary.csproj" />
  <Project Path="Unity.Barracuda.ONNX.csproj" />
  <Project Path="Unity.Postprocessing.Editor.csproj" />
  <Project Path="Unity.TextMeshPro.csproj" />
  <Project Path="NavMeshComponentsEditor.csproj" />
  <Project Path="Unity.ML-Agents.Editor.csproj" />
  <Project Path="Assembly-CSharp-firstpass.csproj" />
  <Project Path="Unity.Barracuda.MacBLAS.csproj" />
  <Project Path="NavMeshComponentsTestsEditmode.csproj" />
  <Project Path="Unity.VSCode.Editor.csproj" />
  <Project Path="Unity.Burst.Editor.csproj" />
  <Project Path="Unity.Barracuda.Editor.csproj" />
  <Project Path="Unity.AI.Navigation.Updater.csproj" />
  <Project Path="VFXGraph.OutputEventHandlers.Editor.csproj" />
  <Project Path="VFXGraph.OutputEventHandlers.csproj" />
  <Project Path="Unity.RenderPipelines.Universal.2D.Internal.csproj" />
  <Project Path="Assembly-CSharp-Editor-firstpass.csproj" />
  <Project Path="NavMeshComponents.csproj" />
  <Project Path="Unity.ShaderGraph.Utilities.csproj" />
  <Project Path="NavMeshComponentsTestsPlaymode.csproj" />
  <Project Path="Unity.Mathematics.Editor.csproj" />
  <Project Path="NavMeshComponentsExamplesEditor.csproj" />
  <Project Path="Unity.RenderPipelines.Universal.Config.Runtime.csproj" />
  <Project Path="Unity.RenderPipelines.ShaderGraph.ShaderGraphLibrary.csproj" />
  <Project Path="Unity.RenderPipelines.Core.ShaderLibrary.csproj" />
  <Project Path="Unity.Barracuda.BurstBLAS.csproj" />
  <Project Path="Unity.ScriptableBuildPipeline.csproj" />
  <Project Path="Unity.Barracuda.iOSBLAS.csproj" />
  <Project Path="Unity.RenderPipelines.Universal.Shaders.csproj" />
  <Project Path="Assembly-CSharp.Player.csproj" />
  <Project Path="Unity.Timeline.Player.csproj" />
  <Project Path="MCPForUnity.Runtime.Player.csproj" />
  <Project Path="Unity.RenderPipelines.Universal.Runtime.Player.csproj" />
  <Project Path="Unity.RenderPipelines.Core.Runtime.Player.csproj" />
  <Project Path="Unity.Mathematics.Player.csproj" />
  <Project Path="Unity.ML-Agents.Player.csproj" />
  <Project Path="Unity.Barracuda.Player.csproj" />
  <Project Path="UnityEngine.TestRunner.Player.csproj" />
  <Project Path="Unity.Burst.Player.csproj" />
  <Project Path="UnityEngine.UI.Player.csproj" />
  <Project Path="Unity.Postprocessing.Runtime.Player.csproj" />
  <Project Path="Unity.ML-Agents.CommunicatorObjects.Player.csproj" />
  <Project Path="NavMeshComponentsExamples.Player.csproj" />
  <Project Path="Unity.AI.Navigation.Player.csproj" />
  <Project Path="Unity.VisualEffectGraph.Runtime.Player.csproj" />
  <Project Path="Unity.RenderPipeline.Universal.ShaderLibrary.Player.csproj" />
  <Project Path="Unity.Barracuda.ONNX.Player.csproj" />
  <Project Path="Unity.TextMeshPro.Player.csproj" />
  <Project Path="Assembly-CSharp-firstpass.Player.csproj" />
  <Project Path="VFXGraph.OutputEventHandlers.Player.csproj" />
  <Project Path="Unity.RenderPipelines.Universal.2D.Internal.Player.csproj" />
  <Project Path="NavMeshComponents.Player.csproj" />
  <Project Path="NavMeshComponentsTestsPlaymode.Player.csproj" />
  <Project Path="Unity.RenderPipelines.Universal.Config.Runtime.Player.csproj" />
  <Project Path="Unity.RenderPipelines.ShaderGraph.ShaderGraphLibrary.Player.csproj" />
  <Project Path="Unity.RenderPipelines.Core.ShaderLibrary.Player.csproj" />
  <Project Path="Unity.Barracuda.BurstBLAS.Player.csproj" />
  <Project Path="Unity.ScriptableBuildPipeline.Player.csproj" />
  <Project Path="Unity.RenderPipelines.Universal.Shaders.Player.csproj" />
</Solution>
